# THIS IS AN AUTOGENERATED FILE. DO NOT EDIT THIS FILE DIRECTLY.
# yarn lockfile v1


"@xmldom/xmldom@^0.9.4":
  version "0.9.8"
  resolved "https://registry.yarnpkg.com/@xmldom/xmldom/-/xmldom-0.9.8.tgz#1471e82bdff9e8f20ee8bbe60d4ffa8a516e78d8"
  integrity sha512-p96FSY54r+WJ50FIOsCOjyj/wavs8921hG5+kVMmZgKcvIKxMXHTrjNJvRgWa/zuX3B6t2lijLNFaOyuxUH+2A==

exifreader@^4.26.2:
  version "4.26.2"
  resolved "https://registry.yarnpkg.com/exifreader/-/exifreader-4.26.2.tgz#ff4d039366df4d0d3c2fbb02177c71b1a94e849e"
  integrity sha512-+UqmTm2C7fS4u4YnKx7Fod0+UDeUOmmgkslCx4N2p68YNZSPw2AYyklIpNbuhxYmQjpYOS87bt6sPDOvQ+Qvsg==
  optionalDependencies:
    "@xmldom/xmldom" "^0.9.4"
