
Microsoft Visual Studio Solution File, Format Version 12.00
# Visual Studio Version 17
VisualStudioVersion = 17.10.35004.147
MinimumVisualStudioVersion = 10.0.40219.1
Project("{FAE04EC0-301F-11D3-BF4B-00C04F79EFBC}") = "calcHandicap", "calcHandicap.csproj", "{9DB68B71-5539-4C6C-BA1A-F7F66296FFDB}"
EndProject
Global
	GlobalSection(SolutionConfigurationPlatforms) = preSolution
		Debug|Any CPU = Debug|Any CPU
		Release|Any CPU = Release|Any CPU
	EndGlobalSection
	GlobalSection(ProjectConfigurationPlatforms) = postSolution
		{9DB68B71-5539-4C6C-BA1A-F7F66296FFDB}.Debug|Any CPU.ActiveCfg = Debug|Any CPU
		{9DB68B71-5539-4C6C-BA1A-F7F66296FFDB}.Debug|Any CPU.Build.0 = Debug|Any CPU
		{9DB68B71-5539-4C6C-BA1A-F7F66296FFDB}.Release|Any CPU.ActiveCfg = Release|Any CPU
		{9DB68B71-5539-4C6C-BA1A-F7F66296FFDB}.Release|Any CPU.Build.0 = Release|Any CPU
	EndGlobalSection
	GlobalSection(SolutionProperties) = preSolution
		HideSolutionNode = FALSE
	EndGlobalSection
	GlobalSection(ExtensibilityGlobals) = postSolution
		SolutionGuid = {CD712D9D-0FAB-4817-91BD-A43CDBCF466A}
	EndGlobalSection
EndGlobal
